
Microsoft Visual Studio Solution File, Format Version 12.00
# Visual Studio 14
VisualStudioVersion = 14.0.25420.1
MinimumVisualStudioVersion = 10.0.40219.1
Project("{FAE04EC0-301F-11D3-BF4B-00C04F79EFBC}") = "RadialController Ink Sample", "RadialController Ink Sample\RadialController Ink Sample.csproj", "{B5701333-C933-4940-8993-A5DBCE39B954}"
EndProject
Global
	GlobalSection(SolutionConfigurationPlatforms) = preSolution
		Debug|ARM = Debug|ARM
		Debug|x64 = Debug|x64
		Debug|x86 = Debug|x86
		Release|ARM = Release|ARM
		Release|x64 = Release|x64
		Release|x86 = Release|x86
	EndGlobalSection
	GlobalSection(ProjectConfigurationPlatforms) = postSolution
		{B5701333-C933-4940-8993-A5DBCE39B954}.Debug|ARM.ActiveCfg = Debug|ARM
		{B5701333-C933-4940-8993-A5DBCE39B954}.Debug|ARM.Build.0 = Debug|ARM
		{B5701333-C933-4940-8993-A5DBCE39B954}.Debug|ARM.Deploy.0 = Debug|ARM
		{B5701333-C933-4940-8993-A5DBCE39B954}.Debug|x64.ActiveCfg = Debug|x64
		{B5701333-C933-4940-8993-A5DBCE39B954}.Debug|x64.Build.0 = Debug|x64
		{B5701333-C933-4940-8993-A5DBCE39B954}.Debug|x64.Deploy.0 = Debug|x64
		{B5701333-C933-4940-8993-A5DBCE39B954}.Debug|x86.ActiveCfg = Debug|x86
		{B5701333-C933-4940-8993-A5DBCE39B954}.Debug|x86.Build.0 = Debug|x86
		{B5701333-C933-4940-8993-A5DBCE39B954}.Debug|x86.Deploy.0 = Debug|x86
		{B5701333-C933-4940-8993-A5DBCE39B954}.Release|ARM.ActiveCfg = Release|ARM
		{B5701333-C933-4940-8993-A5DBCE39B954}.Release|ARM.Build.0 = Release|ARM
		{B5701333-C933-4940-8993-A5DBCE39B954}.Release|ARM.Deploy.0 = Release|ARM
		{B5701333-C933-4940-8993-A5DBCE39B954}.Release|x64.ActiveCfg = Release|x64
		{B5701333-C933-4940-8993-A5DBCE39B954}.Release|x64.Build.0 = Release|x64
		{B5701333-C933-4940-8993-A5DBCE39B954}.Release|x64.Deploy.0 = Release|x64
		{B5701333-C933-4940-8993-A5DBCE39B954}.Release|x86.ActiveCfg = Release|x86
		{B5701333-C933-4940-8993-A5DBCE39B954}.Release|x86.Build.0 = Release|x86
		{B5701333-C933-4940-8993-A5DBCE39B954}.Release|x86.Deploy.0 = Release|x86
	EndGlobalSection
	GlobalSection(SolutionProperties) = preSolution
		HideSolutionNode = FALSE
	EndGlobalSection
EndGlobal
